// !$*UTF8*$!
{
	archiveVersion = 1;
	classes = {
	};
	objectVersion = 46;
	objects = {

/* Begin PBXBuildFile section */
		97FA082919F2E33700BD898C /* main.m in Sources */ = {isa = PBXBuildFile; fileRef = 97FA082819F2E33700BD898C /* main.m */; };
		97FA082C19F2E33700BD898C /* AppDelegate.m in Sources */ = {isa = PBXBuildFile; fileRef = 97FA082B19F2E33700BD898C /* AppDelegate.m */; };
		97FA083419F2E33700BD898C /* Images.xcassets in Resources */ = {isa = PBXBuildFile; fileRef = 97FA083319F2E33700BD898C /* Images.xcassets */; };
		97FA083719F2E33700BD898C /* LaunchScreen.xib in Resources */ = {isa = PBXBuildFile; fileRef = 97FA083519F2E33700BD898C /* LaunchScreen.xib */; };
		97FA084319F2E33700BD898C /* InstagramImagesBrowserTests.m in Sources */ = {isa = PBXBuildFile; fileRef = 97FA084219F2E33700BD898C /* InstagramImagesBrowserTests.m */; };
		97FA084E19F2E3D400BD898C /* ImageBrowserViewController.m in Sources */ = {isa = PBXBuildFile; fileRef = 97FA084D19F2E3D400BD898C /* ImageBrowserViewController.m */; };
		97FA085119F2E57800BD898C /* IBDataLoader.m in Sources */ = {isa = PBXBuildFile; fileRef = 97FA085019F2E57800BD898C /* IBDataLoader.m */; };
		97FA085419F3233E00BD898C /* IBImageInfo.m in Sources */ = {isa = PBXBuildFile; fileRef = 97FA085319F3233E00BD898C /* IBImageInfo.m */; };
		97FA085719F3317200BD898C /* IBImageBrowserDataSource.m in Sources */ = {isa = PBXBuildFile; fileRef = 97FA085619F3317200BD898C /* IBImageBrowserDataSource.m */; };
		97FA085A19F3832C00BD898C /* ImageBrowserTableViewCell.m in Sources */ = {isa = PBXBuildFile; fileRef = 97FA085919F3832C00BD898C /* ImageBrowserTableViewCell.m */; };
		97FA085D19F4238A00BD898C /* UIImage+IBDataLoader.m in Sources */ = {isa = PBXBuildFile; fileRef = 97FA085C19F4238A00BD898C /* UIImage+IBDataLoader.m */; };
		97FA086019F4C85200BD898C /* IBImageViewerViewController.m in Sources */ = {isa = PBXBuildFile; fileRef = 97FA085F19F4C85200BD898C /* IBImageViewerViewController.m */; };
		97FA086319F4D04400BD898C /* IBImageCash.m in Sources */ = {isa = PBXBuildFile; fileRef = 97FA086219F4D04400BD898C /* IBImageCash.m */; };
/* End PBXBuildFile section */

/* Begin PBXContainerItemProxy section */
		97FA083D19F2E33700BD898C /* PBXContainerItemProxy */ = {
			isa = PBXContainerItemProxy;
			containerPortal = 97FA081B19F2E33700BD898C /* Project object */;
			proxyType = 1;
			remoteGlobalIDString = 97FA082219F2E33700BD898C;
			remoteInfo = InstagramImagesBrowser;
		};
/* End PBXContainerItemProxy section */

/* Begin PBXFileReference section */
		97FA082319F2E33700BD898C /* InstagramImagesBrowser.app */ = {isa = PBXFileReference; explicitFileType = wrapper.application; includeInIndex = 0; path = InstagramImagesBrowser.app; sourceTree = BUILT_PRODUCTS_DIR; };
		97FA082719F2E33700BD898C /* Info.plist */ = {isa = PBXFileReference; lastKnownFileType = text.plist.xml; path = Info.plist; sourceTree = "<group>"; };
		97FA082819F2E33700BD898C /* main.m */ = {isa = PBXFileReference; lastKnownFileType = sourcecode.c.objc; path = main.m; sourceTree = "<group>"; };
		97FA082A19F2E33700BD898C /* AppDelegate.h */ = {isa = PBXFileReference; lastKnownFileType = sourcecode.c.h; path = AppDelegate.h; sourceTree = "<group>"; };
		97FA082B19F2E33700BD898C /* AppDelegate.m */ = {isa = PBXFileReference; lastKnownFileType = sourcecode.c.objc; path = AppDelegate.m; sourceTree = "<group>"; };
		97FA083319F2E33700BD898C /* Images.xcassets */ = {isa = PBXFileReference; lastKnownFileType = folder.assetcatalog; path = Images.xcassets; sourceTree = "<group>"; };
		97FA083619F2E33700BD898C /* Base */ = {isa = PBXFileReference; lastKnownFileType = file.xib; name = Base; path = Base.lproj/LaunchScreen.xib; sourceTree = "<group>"; };
		97FA083C19F2E33700BD898C /* InstagramImagesBrowserTests.xctest */ = {isa = PBXFileReference; explicitFileType = wrapper.cfbundle; includeInIndex = 0; path = InstagramImagesBrowserTests.xctest; sourceTree = BUILT_PRODUCTS_DIR; };
		97FA084119F2E33700BD898C /* Info.plist */ = {isa = PBXFileReference; lastKnownFileType = text.plist.xml; path = Info.plist; sourceTree = "<group>"; };
		97FA084219F2E33700BD898C /* InstagramImagesBrowserTests.m */ = {isa = PBXFileReference; lastKnownFileType = sourcecode.c.objc; path = InstagramImagesBrowserTests.m; sourceTree = "<group>"; };
		97FA084C19F2E3D400BD898C /* ImageBrowserViewController.h */ = {isa = PBXFileReference; fileEncoding = 4; lastKnownFileType = sourcecode.c.h; path = ImageBrowserViewController.h; sourceTree = "<group>"; };
		97FA084D19F2E3D400BD898C /* ImageBrowserViewController.m */ = {isa = PBXFileReference; fileEncoding = 4; lastKnownFileType = sourcecode.c.objc; path = ImageBrowserViewController.m; sourceTree = "<group>"; };
		97FA084F19F2E57800BD898C /* IBDataLoader.h */ = {isa = PBXFileReference; fileEncoding = 4; lastKnownFileType = sourcecode.c.h; path = IBDataLoader.h; sourceTree = "<group>"; };
		97FA085019F2E57800BD898C /* IBDataLoader.m */ = {isa = PBXFileReference; fileEncoding = 4; lastKnownFileType = sourcecode.c.objc; path = IBDataLoader.m; sourceTree = "<group>"; };
		97FA085219F3233E00BD898C /* IBImageInfo.h */ = {isa = PBXFileReference; fileEncoding = 4; lastKnownFileType = sourcecode.c.h; path = IBImageInfo.h; sourceTree = "<group>"; };
		97FA085319F3233E00BD898C /* IBImageInfo.m */ = {isa = PBXFileReference; fileEncoding = 4; lastKnownFileType = sourcecode.c.objc; path = IBImageInfo.m; sourceTree = "<group>"; };
		97FA085519F3317200BD898C /* IBImageBrowserDataSource.h */ = {isa = PBXFileReference; fileEncoding = 4; lastKnownFileType = sourcecode.c.h; path = IBImageBrowserDataSource.h; sourceTree = "<group>"; };
		97FA085619F3317200BD898C /* IBImageBrowserDataSource.m */ = {isa = PBXFileReference; fileEncoding = 4; lastKnownFileType = sourcecode.c.objc; path = IBImageBrowserDataSource.m; sourceTree = "<group>"; };
		97FA085819F3832C00BD898C /* ImageBrowserTableViewCell.h */ = {isa = PBXFileReference; fileEncoding = 4; lastKnownFileType = sourcecode.c.h; path = ImageBrowserTableViewCell.h; sourceTree = "<group>"; };
		97FA085919F3832C00BD898C /* ImageBrowserTableViewCell.m */ = {isa = PBXFileReference; fileEncoding = 4; lastKnownFileType = sourcecode.c.objc; path = ImageBrowserTableViewCell.m; sourceTree = "<group>"; };
		97FA085B19F4238A00BD898C /* UIImage+IBDataLoader.h */ = {isa = PBXFileReference; fileEncoding = 4; lastKnownFileType = sourcecode.c.h; path = "UIImage+IBDataLoader.h"; sourceTree = "<group>"; };
		97FA085C19F4238A00BD898C /* UIImage+IBDataLoader.m */ = {isa = PBXFileReference; fileEncoding = 4; lastKnownFileType = sourcecode.c.objc; path = "UIImage+IBDataLoader.m"; sourceTree = "<group>"; };
		97FA085E19F4C85200BD898C /* IBImageViewerViewController.h */ = {isa = PBXFileReference; fileEncoding = 4; lastKnownFileType = sourcecode.c.h; path = IBImageViewerViewController.h; sourceTree = "<group>"; };
		97FA085F19F4C85200BD898C /* IBImageViewerViewController.m */ = {isa = PBXFileReference; fileEncoding = 4; lastKnownFileType = sourcecode.c.objc; path = IBImageViewerViewController.m; sourceTree = "<group>"; };
		97FA086119F4D04400BD898C /* IBImageCash.h */ = {isa = PBXFileReference; fileEncoding = 4; lastKnownFileType = sourcecode.c.h; path = IBImageCash.h; sourceTree = "<group>"; };
		97FA086219F4D04400BD898C /* IBImageCash.m */ = {isa = PBXFileReference; fileEncoding = 4; lastKnownFileType = sourcecode.c.objc; path = IBImageCash.m; sourceTree = "<group>"; };
/* End PBXFileReference section */

/* Begin PBXFrameworksBuildPhase section */
		97FA082019F2E33700BD898C /* Frameworks */ = {
			isa = PBXFrameworksBuildPhase;
			buildActionMask = 2147483647;
			files = (
			);
			runOnlyForDeploymentPostprocessing = 0;
		};
		97FA083919F2E33700BD898C /* Frameworks */ = {
			isa = PBXFrameworksBuildPhase;
			buildActionMask = 2147483647;
			files = (
			);
			runOnlyForDeploymentPostprocessing = 0;
		};
/* End PBXFrameworksBuildPhase section */

/* Begin PBXGroup section */
		97FA081A19F2E33700BD898C = {
			isa = PBXGroup;
			children = (
				97FA082519F2E33700BD898C /* InstagramImagesBrowser */,
				97FA083F19F2E33700BD898C /* InstagramImagesBrowserTests */,
				97FA082419F2E33700BD898C /* Products */,
			);
			sourceTree = "<group>";
		};
		97FA082419F2E33700BD898C /* Products */ = {
			isa = PBXGroup;
			children = (
				97FA082319F2E33700BD898C /* InstagramImagesBrowser.app */,
				97FA083C19F2E33700BD898C /* InstagramImagesBrowserTests.xctest */,
			);
			name = Products;
			sourceTree = "<group>";
		};
		97FA082519F2E33700BD898C /* InstagramImagesBrowser */ = {
			isa = PBXGroup;
			children = (
				97FA084F19F2E57800BD898C /* IBDataLoader.h */,
				97FA085019F2E57800BD898C /* IBDataLoader.m */,
				97FA085519F3317200BD898C /* IBImageBrowserDataSource.h */,
				97FA085619F3317200BD898C /* IBImageBrowserDataSource.m */,
				97FA085219F3233E00BD898C /* IBImageInfo.h */,
				97FA085319F3233E00BD898C /* IBImageInfo.m */,
				97FA082A19F2E33700BD898C /* AppDelegate.h */,
				97FA082B19F2E33700BD898C /* AppDelegate.m */,
				97FA084C19F2E3D400BD898C /* ImageBrowserViewController.h */,
				97FA084D19F2E3D400BD898C /* ImageBrowserViewController.m */,
				97FA085E19F4C85200BD898C /* IBImageViewerViewController.h */,
				97FA085F19F4C85200BD898C /* IBImageViewerViewController.m */,
				97FA085B19F4238A00BD898C /* UIImage+IBDataLoader.h */,
				97FA085C19F4238A00BD898C /* UIImage+IBDataLoader.m */,
				97FA086119F4D04400BD898C /* IBImageCash.h */,
				97FA086219F4D04400BD898C /* IBImageCash.m */,
				97FA085819F3832C00BD898C /* ImageBrowserTableViewCell.h */,
				97FA085919F3832C00BD898C /* ImageBrowserTableViewCell.m */,
				97FA082619F2E33700BD898C /* Supporting Files */,
			);
			path = InstagramImagesBrowser;
			sourceTree = "<group>";
		};
		97FA082619F2E33700BD898C /* Supporting Files */ = {
			isa = PBXGroup;
			children = (
				97FA083319F2E33700BD898C /* Images.xcassets */,
				97FA083519F2E33700BD898C /* LaunchScreen.xib */,
				97FA082719F2E33700BD898C /* Info.plist */,
				97FA082819F2E33700BD898C /* main.m */,
			);
			name = "Supporting Files";
			sourceTree = "<group>";
		};
		97FA083F19F2E33700BD898C /* InstagramImagesBrowserTests */ = {
			isa = PBXGroup;
			children = (
				97FA084219F2E33700BD898C /* InstagramImagesBrowserTests.m */,
				97FA084019F2E33700BD898C /* Supporting Files */,
			);
			path = InstagramImagesBrowserTests;
			sourceTree = "<group>";
		};
		97FA084019F2E33700BD898C /* Supporting Files */ = {
			isa = PBXGroup;
			children = (
				97FA084119F2E33700BD898C /* Info.plist */,
			);
			name = "Supporting Files";
			sourceTree = "<group>";
		};
/* End PBXGroup section */

/* Begin PBXNativeTarget section */
		97FA082219F2E33700BD898C /* InstagramImagesBrowser */ = {
			isa = PBXNativeTarget;
			buildConfigurationList = 97FA084619F2E33700BD898C /* Build configuration list for PBXNativeTarget "InstagramImagesBrowser" */;
			buildPhases = (
				97FA081F19F2E33700BD898C /* Sources */,
				97FA082019F2E33700BD898C /* Frameworks */,
				97FA082119F2E33700BD898C /* Resources */,
			);
			buildRules = (
			);
			dependencies = (
			);
			name = InstagramImagesBrowser;
			productName = InstagramImagesBrowser;
			productReference = 97FA082319F2E33700BD898C /* InstagramImagesBrowser.app */;
			productType = "com.apple.product-type.application";
		};
		97FA083B19F2E33700BD898C /* InstagramImagesBrowserTests */ = {
			isa = PBXNativeTarget;
			buildConfigurationList = 97FA084919F2E33700BD898C /* Build configuration list for PBXNativeTarget "InstagramImagesBrowserTests" */;
			buildPhases = (
				97FA083819F2E33700BD898C /* Sources */,
				97FA083919F2E33700BD898C /* Frameworks */,
				97FA083A19F2E33700BD898C /* Resources */,
			);
			buildRules = (
			);
			dependencies = (
				97FA083E19F2E33700BD898C /* PBXTargetDependency */,
			);
			name = InstagramImagesBrowserTests;
			productName = InstagramImagesBrowserTests;
			productReference = 97FA083C19F2E33700BD898C /* InstagramImagesBrowserTests.xctest */;
			productType = "com.apple.product-type.bundle.unit-test";
		};
/* End PBXNativeTarget section */

/* Begin PBXProject section */
		97FA081B19F2E33700BD898C /* Project object */ = {
			isa = PBXProject;
			attributes = {
				LastUpgradeCheck = 0600;
				ORGANIZATIONNAME = "Zeev Vax";
				TargetAttributes = {
					97FA082219F2E33700BD898C = {
						CreatedOnToolsVersion = 6.0.1;
						DevelopmentTeam = 2EG2657SRF;
					};
					97FA083B19F2E33700BD898C = {
						CreatedOnToolsVersion = 6.0.1;
						TestTargetID = 97FA082219F2E33700BD898C;
					};
				};
			};
			buildConfigurationList = 97FA081E19F2E33700BD898C /* Build configuration list for PBXProject "InstagramImagesBrowser" */;
			compatibilityVersion = "Xcode 3.2";
			developmentRegion = English;
			hasScannedForEncodings = 0;
			knownRegions = (
				en,
				Base,
			);
			mainGroup = 97FA081A19F2E33700BD898C;
			productRefGroup = 97FA082419F2E33700BD898C /* Products */;
			projectDirPath = "";
			projectRoot = "";
			targets = (
				97FA082219F2E33700BD898C /* InstagramImagesBrowser */,
				97FA083B19F2E33700BD898C /* InstagramImagesBrowserTests */,
			);
		};
/* End PBXProject section */

/* Begin PBXResourcesBuildPhase section */
		97FA082119F2E33700BD898C /* Resources */ = {
			isa = PBXResourcesBuildPhase;
			buildActionMask = 2147483647;
			files = (
				97FA083719F2E33700BD898C /* LaunchScreen.xib in Resources */,
				97FA083419F2E33700BD898C /* Images.xcassets in Resources */,
			);
			runOnlyForDeploymentPostprocessing = 0;
		};
		97FA083A19F2E33700BD898C /* Resources */ = {
			isa = PBXResourcesBuildPhase;
			buildActionMask = 2147483647;
			files = (
			);
			runOnlyForDeploymentPostprocessing = 0;
		};
/* End PBXResourcesBuildPhase section */

/* Begin PBXSourcesBuildPhase section */
		97FA081F19F2E33700BD898C /* Sources */ = {
			isa = PBXSourcesBuildPhase;
			buildActionMask = 2147483647;
			files = (
				97FA085D19F4238A00BD898C /* UIImage+IBDataLoader.m in Sources */,
				97FA085719F3317200BD898C /* IBImageBrowserDataSource.m in Sources */,
				97FA086019F4C85200BD898C /* IBImageViewerViewController.m in Sources */,
				97FA086319F4D04400BD898C /* IBImageCash.m in Sources */,
				97FA084E19F2E3D400BD898C /* ImageBrowserViewController.m in Sources */,
				97FA085119F2E57800BD898C /* IBDataLoader.m in Sources */,
				97FA082C19F2E33700BD898C /* AppDelegate.m in Sources */,
				97FA082919F2E33700BD898C /* main.m in Sources */,
				97FA085A19F3832C00BD898C /* ImageBrowserTableViewCell.m in Sources */,
				97FA085419F3233E00BD898C /* IBImageInfo.m in Sources */,
			);
			runOnlyForDeploymentPostprocessing = 0;
		};
		97FA083819F2E33700BD898C /* Sources */ = {
			isa = PBXSourcesBuildPhase;
			buildActionMask = 2147483647;
			files = (
				97FA084319F2E33700BD898C /* InstagramImagesBrowserTests.m in Sources */,
			);
			runOnlyForDeploymentPostprocessing = 0;
		};
/* End PBXSourcesBuildPhase section */

/* Begin PBXTargetDependency section */
		97FA083E19F2E33700BD898C /* PBXTargetDependency */ = {
			isa = PBXTargetDependency;
			target = 97FA082219F2E33700BD898C /* InstagramImagesBrowser */;
			targetProxy = 97FA083D19F2E33700BD898C /* PBXContainerItemProxy */;
		};
/* End PBXTargetDependency section */

/* Begin PBXVariantGroup section */
		97FA083519F2E33700BD898C /* LaunchScreen.xib */ = {
			isa = PBXVariantGroup;
			children = (
				97FA083619F2E33700BD898C /* Base */,
			);
			name = LaunchScreen.xib;
			sourceTree = "<group>";
		};
/* End PBXVariantGroup section */

/* Begin XCBuildConfiguration section */
		97FA084419F2E33700BD898C /* Debug */ = {
			isa = XCBuildConfiguration;
			buildSettings = {
				ALWAYS_SEARCH_USER_PATHS = NO;
				CLANG_CXX_LANGUAGE_STANDARD = "gnu++0x";
				CLANG_CXX_LIBRARY = "libc++";
				CLANG_ENABLE_MODULES = YES;
				CLANG_ENABLE_OBJC_ARC = YES;
				CLANG_WARN_BOOL_CONVERSION = YES;
				CLANG_WARN_CONSTANT_CONVERSION = YES;
				CLANG_WARN_DIRECT_OBJC_ISA_USAGE = YES_ERROR;
				CLANG_WARN_EMPTY_BODY = YES;
				CLANG_WARN_ENUM_CONVERSION = YES;
				CLANG_WARN_INT_CONVERSION = YES;
				CLANG_WARN_OBJC_ROOT_CLASS = YES_ERROR;
				CLANG_WARN_UNREACHABLE_CODE = YES;
				CLANG_WARN__DUPLICATE_METHOD_MATCH = YES;
				"CODE_SIGN_IDENTITY[sdk=iphoneos*]" = "iPhone Developer";
				COPY_PHASE_STRIP = NO;
				ENABLE_STRICT_OBJC_MSGSEND = YES;
				GCC_C_LANGUAGE_STANDARD = gnu99;
				GCC_DYNAMIC_NO_PIC = NO;
				GCC_OPTIMIZATION_LEVEL = 0;
				GCC_PREPROCESSOR_DEFINITIONS = (
					"DEBUG=1",
					"$(inherited)",
				);
				GCC_SYMBOLS_PRIVATE_EXTERN = NO;
				GCC_WARN_64_TO_32_BIT_CONVERSION = YES;
				GCC_WARN_ABOUT_RETURN_TYPE = YES_ERROR;
				GCC_WARN_UNDECLARED_SELECTOR = YES;
				GCC_WARN_UNINITIALIZED_AUTOS = YES_AGGRESSIVE;
				GCC_WARN_UNUSED_FUNCTION = YES;
				GCC_WARN_UNUSED_VARIABLE = YES;
				IPHONEOS_DEPLOYMENT_TARGET = 8.0;
				MTL_ENABLE_DEBUG_INFO = YES;
				ONLY_ACTIVE_ARCH = YES;
				SDKROOT = iphoneos;
			};
			name = Debug;
		};
		97FA084519F2E33700BD898C /* Release */ = {
			isa = XCBuildConfiguration;
			buildSettings = {
				ALWAYS_SEARCH_USER_PATHS = NO;
				CLANG_CXX_LANGUAGE_STANDARD = "gnu++0x";
				CLANG_CXX_LIBRARY = "libc++";
				CLANG_ENABLE_MODULES = YES;
				CLANG_ENABLE_OBJC_ARC = YES;
				CLANG_WARN_BOOL_CONVERSION = YES;
				CLANG_WARN_CONSTANT_CONVERSION = YES;
				CLANG_WARN_DIRECT_OBJC_ISA_USAGE = YES_ERROR;
				CLANG_WARN_EMPTY_BODY = YES;
				CLANG_WARN_ENUM_CONVERSION = YES;
				CLANG_WARN_INT_CONVERSION = YES;
				CLANG_WARN_OBJC_ROOT_CLASS = YES_ERROR;
				CLANG_WARN_UNREACHABLE_CODE = YES;
				CLANG_WARN__DUPLICATE_METHOD_MATCH = YES;
				"CODE_SIGN_IDENTITY[sdk=iphoneos*]" = "iPhone Developer";
				COPY_PHASE_STRIP = YES;
				ENABLE_NS_ASSERTIONS = NO;
				ENABLE_STRICT_OBJC_MSGSEND = YES;
				GCC_C_LANGUAGE_STANDARD = gnu99;
				GCC_WARN_64_TO_32_BIT_CONVERSION = YES;
				GCC_WARN_ABOUT_RETURN_TYPE = YES_ERROR;
				GCC_WARN_UNDECLARED_SELECTOR = YES;
				GCC_WARN_UNINITIALIZED_AUTOS = YES_AGGRESSIVE;
				GCC_WARN_UNUSED_FUNCTION = YES;
				GCC_WARN_UNUSED_VARIABLE = YES;
				IPHONEOS_DEPLOYMENT_TARGET = 8.0;
				MTL_ENABLE_DEBUG_INFO = NO;
				SDKROOT = iphoneos;
				VALIDATE_PRODUCT = YES;
			};
			name = Release;
		};
		97FA084719F2E33700BD898C /* Debug */ = {
			isa = XCBuildConfiguration;
			buildSettings = {
				ASSETCATALOG_COMPILER_APPICON_NAME = AppIcon;
				CODE_SIGN_IDENTITY = "iPhone Developer";
				INFOPLIST_FILE = InstagramImagesBrowser/Info.plist;
				LD_RUNPATH_SEARCH_PATHS = "$(inherited) @executable_path/Frameworks";
				PRODUCT_NAME = "$(TARGET_NAME)";
			};
			name = Debug;
		};
		97FA084819F2E33700BD898C /* Release */ = {
			isa = XCBuildConfiguration;
			buildSettings = {
				ASSETCATALOG_COMPILER_APPICON_NAME = AppIcon;
				CODE_SIGN_IDENTITY = "iPhone Developer";
				INFOPLIST_FILE = InstagramImagesBrowser/Info.plist;
				LD_RUNPATH_SEARCH_PATHS = "$(inherited) @executable_path/Frameworks";
				PRODUCT_NAME = "$(TARGET_NAME)";
			};
			name = Release;
		};
		97FA084A19F2E33700BD898C /* Debug */ = {
			isa = XCBuildConfiguration;
			buildSettings = {
				BUNDLE_LOADER = "$(TEST_HOST)";
				FRAMEWORK_SEARCH_PATHS = (
					"$(SDKROOT)/Developer/Library/Frameworks",
					"$(inherited)",
				);
				GCC_PREPROCESSOR_DEFINITIONS = (
					"DEBUG=1",
					"$(inherited)",
				);
				INFOPLIST_FILE = InstagramImagesBrowserTests/Info.plist;
				LD_RUNPATH_SEARCH_PATHS = "$(inherited) @executable_path/Frameworks @loader_path/Frameworks";
				PRODUCT_NAME = "$(TARGET_NAME)";
				TEST_HOST = "$(BUILT_PRODUCTS_DIR)/InstagramImagesBrowser.app/InstagramImagesBrowser";
			};
			name = Debug;
		};
		97FA084B19F2E33700BD898C /* Release */ = {
			isa = XCBuildConfiguration;
			buildSettings = {
				BUNDLE_LOADER = "$(TEST_HOST)";
				FRAMEWORK_SEARCH_PATHS = (
					"$(SDKROOT)/Developer/Library/Frameworks",
					"$(inherited)",
				);
				INFOPLIST_FILE = InstagramImagesBrowserTests/Info.plist;
				LD_RUNPATH_SEARCH_PATHS = "$(inherited) @executable_path/Frameworks @loader_path/Frameworks";
				PRODUCT_NAME = "$(TARGET_NAME)";
				TEST_HOST = "$(BUILT_PRODUCTS_DIR)/InstagramImagesBrowser.app/InstagramImagesBrowser";
			};
			name = Release;
		};
/* End XCBuildConfiguration section */

/* Begin XCConfigurationList section */
		97FA081E19F2E33700BD898C /* Build configuration list for PBXProject "InstagramImagesBrowser" */ = {
			isa = XCConfigurationList;
			buildConfigurations = (
				97FA084419F2E33700BD898C /* Debug */,
				97FA084519F2E33700BD898C /* Release */,
			);
			defaultConfigurationIsVisible = 0;
			defaultConfigurationName = Release;
		};
		97FA084619F2E33700BD898C /* Build configuration list for PBXNativeTarget "InstagramImagesBrowser" */ = {
			isa = XCConfigurationList;
			buildConfigurations = (
				97FA084719F2E33700BD898C /* Debug */,
				97FA084819F2E33700BD898C /* Release */,
			);
			defaultConfigurationIsVisible = 0;
			defaultConfigurationName = Release;
		};
		97FA084919F2E33700BD898C /* Build configuration list for PBXNativeTarget "InstagramImagesBrowserTests" */ = {
			isa = XCConfigurationList;
			buildConfigurations = (
				97FA084A19F2E33700BD898C /* Debug */,
				97FA084B19F2E33700BD898C /* Release */,
			);
			defaultConfigurationIsVisible = 0;
			defaultConfigurationName = Release;
		};
/* End XCConfigurationList section */
	};
	rootObject = 97FA081B19F2E33700BD898C /* Project object */;
}
